
Microsoft Visual Studio Solution File, Format Version 12.00
# Visual Studio Version 16
VisualStudioVersion = 16.0.30001.183
MinimumVisualStudioVersion = 10.0.40219.1
Project("{9A19103F-16F7-4668-BE54-9A1E7A4F7556}") = "Example.Web", "Example.Web\Example.Web.csproj", "{E11C35BF-CCF4-4EDD-A98E-2D61A3A9921B}"
EndProject
Global
	GlobalSection(SolutionConfigurationPlatforms) = preSolution
		Debug|Any CPU = Debug|Any CPU
		Release|Any CPU = Release|Any CPU
	EndGlobalSection
	GlobalSection(ProjectConfigurationPlatforms) = postSolution
		{E11C35BF-CCF4-4EDD-A98E-2D61A3A9921B}.Debug|Any CPU.ActiveCfg = Debug|Any CPU
		{E11C35BF-CCF4-4EDD-A98E-2D61A3A9921B}.Debug|Any CPU.Build.0 = Debug|Any CPU
		{E11C35BF-CCF4-4EDD-A98E-2D61A3A9921B}.Release|Any CPU.ActiveCfg = Release|Any CPU
		{E11C35BF-CCF4-4EDD-A98E-2D61A3A9921B}.Release|Any CPU.Build.0 = Release|Any CPU
	EndGlobalSection
	GlobalSection(SolutionProperties) = preSolution
		HideSolutionNode = FALSE
	EndGlobalSection
	GlobalSection(ExtensibilityGlobals) = postSolution
		SolutionGuid = {478AB5B6-721C-4562-9FA0-D6F94CFA6283}
	EndGlobalSection
EndGlobal
